// !$*UTF8*$!
{
	archiveVersion = 1;
	classes = {
	};
	objectVersion = 46;
	objects = {

/* Begin PBXBuildFile section */
		17875C7813233C72099CFBA5 /* Pods_GoEat.framework in Frameworks */ = {isa = PBXBuildFile; fileRef = CD45F6D7F862650CD0798EC6 /* Pods_GoEat.framework */; };
		2002BDCB1CE260EA006C3F72 /* Launch Screen.storyboard in Resources */ = {isa = PBXBuildFile; fileRef = 2002BDCA1CE260EA006C3F72 /* Launch Screen.storyboard */; };
		2002BDCF1CE27C82006C3F72 /* SWRevealViewController.m in Sources */ = {isa = PBXBuildFile; fileRef = 2002BDCE1CE27C82006C3F72 /* SWRevealViewController.m */; };
		2002BDD11CE27E55006C3F72 /* HomeVC.swift in Sources */ = {isa = PBXBuildFile; fileRef = 2002BDD01CE27E55006C3F72 /* HomeVC.swift */; };
		2002BDD31CE28093006C3F72 /* BackTableVC.swift in Sources */ = {isa = PBXBuildFile; fileRef = 2002BDD21CE28093006C3F72 /* BackTableVC.swift */; };
		2002BDDA1CE28564006C3F72 /* ShareVC.swift in Sources */ = {isa = PBXBuildFile; fileRef = 2002BDD91CE28564006C3F72 /* ShareVC.swift */; };
		2002BDDC1CE285C7006C3F72 /* PrivacyVC.swift in Sources */ = {isa = PBXBuildFile; fileRef = 2002BDDB1CE285C7006C3F72 /* PrivacyVC.swift */; };
		2002BDDE1CE285E3006C3F72 /* SupportVC.swift in Sources */ = {isa = PBXBuildFile; fileRef = 2002BDDD1CE285E3006C3F72 /* SupportVC.swift */; };
		2002BDF31CE2DF8B006C3F72 /* MaterialView.swift in Sources */ = {isa = PBXBuildFile; fileRef = 2002BDF01CE2DF8B006C3F72 /* MaterialView.swift */; };
		2002BDF41CE2DF8B006C3F72 /* MaterialButton.swift in Sources */ = {isa = PBXBuildFile; fileRef = 2002BDF11CE2DF8B006C3F72 /* MaterialButton.swift */; };
		2002BDF51CE2DF8B006C3F72 /* MaterialTextField.swift in Sources */ = {isa = PBXBuildFile; fileRef = 2002BDF21CE2DF8B006C3F72 /* MaterialTextField.swift */; };
		201174831CED4AAA00E70BDF /* Constants.swift in Sources */ = {isa = PBXBuildFile; fileRef = 201174821CED4AAA00E70BDF /* Constants.swift */; };
		201DC5B71D1A1E52006B43BB /* GoogleService-Info.plist in Resources */ = {isa = PBXBuildFile; fileRef = 201DC5B61D1A1E52006B43BB /* GoogleService-Info.plist */; };
		2049B1A61CF4D50600950454 /* AfterVC.swift in Sources */ = {isa = PBXBuildFile; fileRef = 2049B1A51CF4D50600950454 /* AfterVC.swift */; };
		2050CC261CEF900A00606A4C /* Restaurant.swift in Sources */ = {isa = PBXBuildFile; fileRef = 2050CC251CEF900A00606A4C /* Restaurant.swift */; };
		2050CC281CEF955D00606A4C /* FoundRestVC.swift in Sources */ = {isa = PBXBuildFile; fileRef = 2050CC271CEF955D00606A4C /* FoundRestVC.swift */; };
		20C978C61CE5472A00F7671B /* RequestVC.swift in Sources */ = {isa = PBXBuildFile; fileRef = 20C978C51CE5472A00F7671B /* RequestVC.swift */; };
		20CF9FE71D2720F400EC56AA /* StoreKit.framework in Frameworks */ = {isa = PBXBuildFile; fileRef = 200E2E3F1D248FD30064C79B /* StoreKit.framework */; };
		20FABDB01CF63FC000190BC1 /* ProfileTVC.swift in Sources */ = {isa = PBXBuildFile; fileRef = 20FABDAF1CF63FC000190BC1 /* ProfileTVC.swift */; };
		20FABDB21CF647D100190BC1 /* ProfileCell.swift in Sources */ = {isa = PBXBuildFile; fileRef = 20FABDB11CF647D100190BC1 /* ProfileCell.swift */; };
		814C3ACA1B69877600E307BB /* Main.storyboard in Resources */ = {isa = PBXBuildFile; fileRef = 814C3AC61B69877600E307BB /* Main.storyboard */; };
		814C3ACB1B69877600E307BB /* Images.xcassets in Resources */ = {isa = PBXBuildFile; fileRef = 814C3AC81B69877600E307BB /* Images.xcassets */; };
		81BA814B1A49DA1800E65899 /* AppDelegate.swift in Sources */ = {isa = PBXBuildFile; fileRef = 81BA814A1A49DA1800E65899 /* AppDelegate.swift */; };
		81BA814D1A49DA1800E65899 /* ViewController.swift in Sources */ = {isa = PBXBuildFile; fileRef = 81BA814C1A49DA1800E65899 /* ViewController.swift */; };
		81BA81701A49DB6800E65899 /* Bolts.framework in Frameworks */ = {isa = PBXBuildFile; fileRef = 81BA816B1A49DB6800E65899 /* Bolts.framework */; };
		81BA81711A49DB6800E65899 /* Parse.framework in Frameworks */ = {isa = PBXBuildFile; fileRef = 81BA816C1A49DB6800E65899 /* Parse.framework */; };
		81BA81771A49E0D500E65899 /* libsqlite3.dylib in Frameworks */ = {isa = PBXBuildFile; fileRef = 81BA81761A49E0D500E65899 /* libsqlite3.dylib */; };
		81BA81791A49E0DB00E65899 /* AudioToolbox.framework in Frameworks */ = {isa = PBXBuildFile; fileRef = 81BA81781A49E0DB00E65899 /* AudioToolbox.framework */; };
		81BA817B1A49E0E500E65899 /* SystemConfiguration.framework in Frameworks */ = {isa = PBXBuildFile; fileRef = 81BA817A1A49E0E500E65899 /* SystemConfiguration.framework */; };
		81BA817F1A49E0F000E65899 /* libstdc++.6.dylib in Frameworks */ = {isa = PBXBuildFile; fileRef = 81BA817E1A49E0F000E65899 /* libstdc++.6.dylib */; };
/* End PBXBuildFile section */

/* Begin PBXFileReference section */
		2002BDCA1CE260EA006C3F72 /* Launch Screen.storyboard */ = {isa = PBXFileReference; fileEncoding = 4; lastKnownFileType = file.storyboard; path = "Launch Screen.storyboard"; sourceTree = "<group>"; };
		2002BDCC1CE27C82006C3F72 /* GoEat-Bridging-Header.h */ = {isa = PBXFileReference; lastKnownFileType = sourcecode.c.h; path = "GoEat-Bridging-Header.h"; sourceTree = "<group>"; };
		2002BDCD1CE27C82006C3F72 /* SWRevealViewController.h */ = {isa = PBXFileReference; fileEncoding = 4; lastKnownFileType = sourcecode.c.h; path = SWRevealViewController.h; sourceTree = "<group>"; };
		2002BDCE1CE27C82006C3F72 /* SWRevealViewController.m */ = {isa = PBXFileReference; fileEncoding = 4; lastKnownFileType = sourcecode.c.objc; path = SWRevealViewController.m; sourceTree = "<group>"; };
		2002BDD01CE27E55006C3F72 /* HomeVC.swift */ = {isa = PBXFileReference; fileEncoding = 4; lastKnownFileType = sourcecode.swift; path = HomeVC.swift; sourceTree = "<group>"; };
		2002BDD21CE28093006C3F72 /* BackTableVC.swift */ = {isa = PBXFileReference; fileEncoding = 4; lastKnownFileType = sourcecode.swift; path = BackTableVC.swift; sourceTree = "<group>"; };
		2002BDD91CE28564006C3F72 /* ShareVC.swift */ = {isa = PBXFileReference; fileEncoding = 4; lastKnownFileType = sourcecode.swift; path = ShareVC.swift; sourceTree = "<group>"; };
		2002BDDB1CE285C7006C3F72 /* PrivacyVC.swift */ = {isa = PBXFileReference; fileEncoding = 4; lastKnownFileType = sourcecode.swift; path = PrivacyVC.swift; sourceTree = "<group>"; };
		2002BDDD1CE285E3006C3F72 /* SupportVC.swift */ = {isa = PBXFileReference; fileEncoding = 4; lastKnownFileType = sourcecode.swift; path = SupportVC.swift; sourceTree = "<group>"; };
		2002BDF01CE2DF8B006C3F72 /* MaterialView.swift */ = {isa = PBXFileReference; fileEncoding = 4; lastKnownFileType = sourcecode.swift; path = MaterialView.swift; sourceTree = "<group>"; };
		2002BDF11CE2DF8B006C3F72 /* MaterialButton.swift */ = {isa = PBXFileReference; fileEncoding = 4; lastKnownFileType = sourcecode.swift; path = MaterialButton.swift; sourceTree = "<group>"; };
		2002BDF21CE2DF8B006C3F72 /* MaterialTextField.swift */ = {isa = PBXFileReference; fileEncoding = 4; lastKnownFileType = sourcecode.swift; path = MaterialTextField.swift; sourceTree = "<group>"; };
		200E2E3F1D248FD30064C79B /* StoreKit.framework */ = {isa = PBXFileReference; lastKnownFileType = wrapper.framework; name = StoreKit.framework; path = System/Library/Frameworks/StoreKit.framework; sourceTree = SDKROOT; };
		201174821CED4AAA00E70BDF /* Constants.swift */ = {isa = PBXFileReference; fileEncoding = 4; lastKnownFileType = sourcecode.swift; path = Constants.swift; sourceTree = "<group>"; };
		201DC5B61D1A1E52006B43BB /* GoogleService-Info.plist */ = {isa = PBXFileReference; fileEncoding = 4; lastKnownFileType = text.plist.xml; path = "GoogleService-Info.plist"; sourceTree = "<group>"; };
		2049B1A51CF4D50600950454 /* AfterVC.swift */ = {isa = PBXFileReference; fileEncoding = 4; lastKnownFileType = sourcecode.swift; path = AfterVC.swift; sourceTree = "<group>"; };
		2050CC251CEF900A00606A4C /* Restaurant.swift */ = {isa = PBXFileReference; fileEncoding = 4; lastKnownFileType = sourcecode.swift; path = Restaurant.swift; sourceTree = "<group>"; };
		2050CC271CEF955D00606A4C /* FoundRestVC.swift */ = {isa = PBXFileReference; fileEncoding = 4; lastKnownFileType = sourcecode.swift; path = FoundRestVC.swift; sourceTree = "<group>"; };
		20B5BA181D2361B100A5A4D8 /* GoEat.entitlements */ = {isa = PBXFileReference; lastKnownFileType = text.xml; path = GoEat.entitlements; sourceTree = SOURCE_ROOT; };
		20C978C51CE5472A00F7671B /* RequestVC.swift */ = {isa = PBXFileReference; fileEncoding = 4; lastKnownFileType = sourcecode.swift; path = RequestVC.swift; sourceTree = "<group>"; };
		20FABDAF1CF63FC000190BC1 /* ProfileTVC.swift */ = {isa = PBXFileReference; fileEncoding = 4; lastKnownFileType = sourcecode.swift; path = ProfileTVC.swift; sourceTree = "<group>"; };
		20FABDB11CF647D100190BC1 /* ProfileCell.swift */ = {isa = PBXFileReference; fileEncoding = 4; lastKnownFileType = sourcecode.swift; path = ProfileCell.swift; sourceTree = "<group>"; };
		6664999BB7FC7C0A30E842F4 /* Pods-GoEat.debug.xcconfig */ = {isa = PBXFileReference; includeInIndex = 1; lastKnownFileType = text.xcconfig; name = "Pods-GoEat.debug.xcconfig"; path = "Pods/Target Support Files/Pods-GoEat/Pods-GoEat.debug.xcconfig"; sourceTree = "<group>"; };
		814C3AC71B69877600E307BB /* Base */ = {isa = PBXFileReference; lastKnownFileType = file.storyboard; name = Base; path = Base.lproj/Main.storyboard; sourceTree = "<group>"; };
		814C3AC81B69877600E307BB /* Images.xcassets */ = {isa = PBXFileReference; lastKnownFileType = folder.assetcatalog; path = Images.xcassets; sourceTree = "<group>"; };
		814C3AC91B69877600E307BB /* Info.plist */ = {isa = PBXFileReference; fileEncoding = 4; lastKnownFileType = text.plist.xml; path = Info.plist; sourceTree = "<group>"; };
		81BA81451A49DA1800E65899 /* GoEat.app */ = {isa = PBXFileReference; explicitFileType = wrapper.application; includeInIndex = 0; path = GoEat.app; sourceTree = BUILT_PRODUCTS_DIR; };
		81BA814A1A49DA1800E65899 /* AppDelegate.swift */ = {isa = PBXFileReference; lastKnownFileType = sourcecode.swift; path = AppDelegate.swift; sourceTree = "<group>"; };
		81BA814C1A49DA1800E65899 /* ViewController.swift */ = {isa = PBXFileReference; lastKnownFileType = sourcecode.swift; path = ViewController.swift; sourceTree = "<group>"; };
		81BA816B1A49DB6800E65899 /* Bolts.framework */ = {isa = PBXFileReference; lastKnownFileType = wrapper.framework; path = Bolts.framework; sourceTree = "<group>"; };
		81BA816C1A49DB6800E65899 /* Parse.framework */ = {isa = PBXFileReference; lastKnownFileType = wrapper.framework; path = Parse.framework; sourceTree = "<group>"; };
		81BA816E1A49DB6800E65899 /* ParseFacebookUtils.framework */ = {isa = PBXFileReference; lastKnownFileType = wrapper.framework; path = ParseFacebookUtils.framework; sourceTree = "<group>"; };
		81BA81761A49E0D500E65899 /* libsqlite3.dylib */ = {isa = PBXFileReference; lastKnownFileType = "compiled.mach-o.dylib"; name = libsqlite3.dylib; path = usr/lib/libsqlite3.dylib; sourceTree = SDKROOT; };
		81BA81781A49E0DB00E65899 /* AudioToolbox.framework */ = {isa = PBXFileReference; lastKnownFileType = wrapper.framework; name = AudioToolbox.framework; path = System/Library/Frameworks/AudioToolbox.framework; sourceTree = SDKROOT; };
		81BA817A1A49E0E500E65899 /* SystemConfiguration.framework */ = {isa = PBXFileReference; lastKnownFileType = wrapper.framework; name = SystemConfiguration.framework; path = System/Library/Frameworks/SystemConfiguration.framework; sourceTree = SDKROOT; };
		81BA817E1A49E0F000E65899 /* libstdc++.6.dylib */ = {isa = PBXFileReference; lastKnownFileType = "compiled.mach-o.dylib"; name = "libstdc++.6.dylib"; path = "usr/lib/libstdc++.6.dylib"; sourceTree = SDKROOT; };
		81BA81801A49E10C00E65899 /* ParseUI.framework */ = {isa = PBXFileReference; lastKnownFileType = wrapper.framework; path = ParseUI.framework; sourceTree = "<group>"; };
		CD45F6D7F862650CD0798EC6 /* Pods_GoEat.framework */ = {isa = PBXFileReference; explicitFileType = wrapper.framework; includeInIndex = 0; path = Pods_GoEat.framework; sourceTree = BUILT_PRODUCTS_DIR; };
		DFD96D77EFB8D3A0E86D2EB1 /* Pods-GoEat.release.xcconfig */ = {isa = PBXFileReference; includeInIndex = 1; lastKnownFileType = text.xcconfig; name = "Pods-GoEat.release.xcconfig"; path = "Pods/Target Support Files/Pods-GoEat/Pods-GoEat.release.xcconfig"; sourceTree = "<group>"; };
/* End PBXFileReference section */

/* Begin PBXFrameworksBuildPhase section */
		81BA81421A49DA1800E65899 /* Frameworks */ = {
			isa = PBXFrameworksBuildPhase;
			buildActionMask = 2147483647;
			files = (
				20CF9FE71D2720F400EC56AA /* StoreKit.framework in Frameworks */,
				81BA817F1A49E0F000E65899 /* libstdc++.6.dylib in Frameworks */,
				81BA817B1A49E0E500E65899 /* SystemConfiguration.framework in Frameworks */,
				81BA81791A49E0DB00E65899 /* AudioToolbox.framework in Frameworks */,
				81BA81771A49E0D500E65899 /* libsqlite3.dylib in Frameworks */,
				81BA81711A49DB6800E65899 /* Parse.framework in Frameworks */,
				81BA81701A49DB6800E65899 /* Bolts.framework in Frameworks */,
				17875C7813233C72099CFBA5 /* Pods_GoEat.framework in Frameworks */,
			);
			runOnlyForDeploymentPostprocessing = 0;
		};
/* End PBXFrameworksBuildPhase section */

/* Begin PBXGroup section */
		2002BDD41CE284C7006C3F72 /* ViewControllers */ = {
			isa = PBXGroup;
			children = (
				2002BDDD1CE285E3006C3F72 /* SupportVC.swift */,
				2002BDDB1CE285C7006C3F72 /* PrivacyVC.swift */,
				2002BDD91CE28564006C3F72 /* ShareVC.swift */,
				20FABDAF1CF63FC000190BC1 /* ProfileTVC.swift */,
				2049B1A51CF4D50600950454 /* AfterVC.swift */,
				2050CC271CEF955D00606A4C /* FoundRestVC.swift */,
				20C978C51CE5472A00F7671B /* RequestVC.swift */,
				2002BDD01CE27E55006C3F72 /* HomeVC.swift */,
				2002BDD21CE28093006C3F72 /* BackTableVC.swift */,
				81BA814C1A49DA1800E65899 /* ViewController.swift */,
			);
			name = ViewControllers;
			sourceTree = "<group>";
		};
		2002BDEF1CE2DF74006C3F72 /* Model */ = {
			isa = PBXGroup;
			children = (
				2002BDF01CE2DF8B006C3F72 /* MaterialView.swift */,
				2002BDF11CE2DF8B006C3F72 /* MaterialButton.swift */,
				2002BDF21CE2DF8B006C3F72 /* MaterialTextField.swift */,
				2050CC251CEF900A00606A4C /* Restaurant.swift */,
				20FABDB11CF647D100190BC1 /* ProfileCell.swift */,
			);
			name = Model;
			sourceTree = "<group>";
		};
		2EE3154D666C3CD78E0F7D7A /* Pods */ = {
			isa = PBXGroup;
			children = (
				6664999BB7FC7C0A30E842F4 /* Pods-GoEat.debug.xcconfig */,
				DFD96D77EFB8D3A0E86D2EB1 /* Pods-GoEat.release.xcconfig */,
			);
			name = Pods;
			sourceTree = "<group>";
		};
		814C3AC51B69877600E307BB /* Resources */ = {
			isa = PBXGroup;
			children = (
				2002BDCD1CE27C82006C3F72 /* SWRevealViewController.h */,
				2002BDCE1CE27C82006C3F72 /* SWRevealViewController.m */,
				814C3AC81B69877600E307BB /* Images.xcassets */,
				814C3AC91B69877600E307BB /* Info.plist */,
				201DC5B61D1A1E52006B43BB /* GoogleService-Info.plist */,
				2002BDCC1CE27C82006C3F72 /* GoEat-Bridging-Header.h */,
				201174821CED4AAA00E70BDF /* Constants.swift */,
			);
			path = Resources;
			sourceTree = "<group>";
		};
		81BA813C1A49DA1800E65899 = {
			isa = PBXGroup;
			children = (
				81BA81471A49DA1800E65899 /* GoEat */,
				814C3AC51B69877600E307BB /* Resources */,
				81BA816A1A49DB5600E65899 /* Frameworks */,
				81BA81461A49DA1800E65899 /* Products */,
				2EE3154D666C3CD78E0F7D7A /* Pods */,
			);
			sourceTree = "<group>";
		};
		81BA81461A49DA1800E65899 /* Products */ = {
			isa = PBXGroup;
			children = (
				81BA81451A49DA1800E65899 /* GoEat.app */,
			);
			name = Products;
			sourceTree = "<group>";
		};
		81BA81471A49DA1800E65899 /* GoEat */ = {
			isa = PBXGroup;
			children = (
				20B5BA181D2361B100A5A4D8 /* GoEat.entitlements */,
				2002BDEF1CE2DF74006C3F72 /* Model */,
				2002BDD41CE284C7006C3F72 /* ViewControllers */,
				81BA814A1A49DA1800E65899 /* AppDelegate.swift */,
				814C3AC61B69877600E307BB /* Main.storyboard */,
				2002BDCA1CE260EA006C3F72 /* Launch Screen.storyboard */,
			);
			name = GoEat;
			path = ParseStarterProject;
			sourceTree = "<group>";
		};
		81BA816A1A49DB5600E65899 /* Frameworks */ = {
			isa = PBXGroup;
			children = (
				200E2E3F1D248FD30064C79B /* StoreKit.framework */,
				81BA816B1A49DB6800E65899 /* Bolts.framework */,
				81BA816C1A49DB6800E65899 /* Parse.framework */,
				81BA816E1A49DB6800E65899 /* ParseFacebookUtils.framework */,
				81BA81801A49E10C00E65899 /* ParseUI.framework */,
				81BA81751A49E0C500E65899 /* System Frameworks */,
				CD45F6D7F862650CD0798EC6 /* Pods_GoEat.framework */,
			);
			name = Frameworks;
			sourceTree = "<group>";
		};
		81BA81751A49E0C500E65899 /* System Frameworks */ = {
			isa = PBXGroup;
			children = (
				81BA817E1A49E0F000E65899 /* libstdc++.6.dylib */,
				81BA817A1A49E0E500E65899 /* SystemConfiguration.framework */,
				81BA81781A49E0DB00E65899 /* AudioToolbox.framework */,
				81BA81761A49E0D500E65899 /* libsqlite3.dylib */,
			);
			name = "System Frameworks";
			sourceTree = "<group>";
		};
/* End PBXGroup section */

/* Begin PBXNativeTarget section */
		81BA81441A49DA1800E65899 /* GoEat */ = {
			isa = PBXNativeTarget;
			buildConfigurationList = 81BA81641A49DA1800E65899 /* Build configuration list for PBXNativeTarget "GoEat" */;
			buildPhases = (
				7BF82C029C3739717F7A43AA /* Check Pods Manifest.lock */,
				81BA81411A49DA1800E65899 /* Sources */,
				81BA81421A49DA1800E65899 /* Frameworks */,
				81BA81431A49DA1800E65899 /* Resources */,
				4F37A31502EF630006E50F40 /* Embed Pods Frameworks */,
				24A529AC03BEA1DE5BE068CF /* Copy Pods Resources */,
			);
			buildRules = (
			);
			dependencies = (
			);
			name = GoEat;
			productName = ParseStarterProject;
			productReference = 81BA81451A49DA1800E65899 /* GoEat.app */;
			productType = "com.apple.product-type.application";
		};
/* End PBXNativeTarget section */

/* Begin PBXProject section */
		81BA813D1A49DA1800E65899 /* Project object */ = {
			isa = PBXProject;
			attributes = {
				LastSwiftUpdateCheck = 0730;
				LastUpgradeCheck = 0730;
				ORGANIZATIONNAME = Parse;
				TargetAttributes = {
					81BA81441A49DA1800E65899 = {
						CreatedOnToolsVersion = 6.1.1;
						DevelopmentTeam = 94BQ9T6DER;
						SystemCapabilities = {
							com.apple.InAppPurchase = {
								enabled = 1;
							};
							com.apple.Push = {
								enabled = 1;
							};
							com.apple.SafariKeychain = {
								enabled = 1;
							};
						};
					};
				};
			};
			buildConfigurationList = 81BA81401A49DA1800E65899 /* Build configuration list for PBXProject "GoEat" */;
			compatibilityVersion = "Xcode 3.2";
			developmentRegion = English;
			hasScannedForEncodings = 0;
			knownRegions = (
				en,
				Base,
			);
			mainGroup = 81BA813C1A49DA1800E65899;
			productRefGroup = 81BA81461A49DA1800E65899 /* Products */;
			projectDirPath = "";
			projectRoot = "";
			targets = (
				81BA81441A49DA1800E65899 /* GoEat */,
			);
		};
/* End PBXProject section */

/* Begin PBXResourcesBuildPhase section */
		81BA81431A49DA1800E65899 /* Resources */ = {
			isa = PBXResourcesBuildPhase;
			buildActionMask = 2147483647;
			files = (
				2002BDCB1CE260EA006C3F72 /* Launch Screen.storyboard in Resources */,
				201DC5B71D1A1E52006B43BB /* GoogleService-Info.plist in Resources */,
				814C3ACA1B69877600E307BB /* Main.storyboard in Resources */,
				814C3ACB1B69877600E307BB /* Images.xcassets in Resources */,
			);
			runOnlyForDeploymentPostprocessing = 0;
		};
/* End PBXResourcesBuildPhase section */

/* Begin PBXShellScriptBuildPhase section */
		24A529AC03BEA1DE5BE068CF /* Copy Pods Resources */ = {
			isa = PBXShellScriptBuildPhase;
			buildActionMask = 2147483647;
			files = (
			);
			inputPaths = (
			);
			name = "Copy Pods Resources";
			outputPaths = (
			);
			runOnlyForDeploymentPostprocessing = 0;
			shellPath = /bin/sh;
			shellScript = "\"${SRCROOT}/Pods/Target Support Files/Pods-GoEat/Pods-GoEat-resources.sh\"\n";
			showEnvVarsInLog = 0;
		};
		4F37A31502EF630006E50F40 /* Embed Pods Frameworks */ = {
			isa = PBXShellScriptBuildPhase;
			buildActionMask = 2147483647;
			files = (
			);
			inputPaths = (
			);
			name = "Embed Pods Frameworks";
			outputPaths = (
			);
			runOnlyForDeploymentPostprocessing = 0;
			shellPath = /bin/sh;
			shellScript = "\"${SRCROOT}/Pods/Target Support Files/Pods-GoEat/Pods-GoEat-frameworks.sh\"\n";
			showEnvVarsInLog = 0;
		};
		7BF82C029C3739717F7A43AA /* Check Pods Manifest.lock */ = {
			isa = PBXShellScriptBuildPhase;
			buildActionMask = 2147483647;
			files = (
			);
			inputPaths = (
			);
			name = "Check Pods Manifest.lock";
			outputPaths = (
			);
			runOnlyForDeploymentPostprocessing = 0;
			shellPath = /bin/sh;
			shellScript = "diff \"${PODS_ROOT}/../Podfile.lock\" \"${PODS_ROOT}/Manifest.lock\" > /dev/null\nif [[ $? != 0 ]] ; then\n    cat << EOM\nerror: The sandbox is not in sync with the Podfile.lock. Run 'pod install' or update your CocoaPods installation.\nEOM\n    exit 1\nfi\n";
			showEnvVarsInLog = 0;
		};
/* End PBXShellScriptBuildPhase section */

/* Begin PBXSourcesBuildPhase section */
		81BA81411A49DA1800E65899 /* Sources */ = {
			isa = PBXSourcesBuildPhase;
			buildActionMask = 2147483647;
			files = (
				20FABDB01CF63FC000190BC1 /* ProfileTVC.swift in Sources */,
				20C978C61CE5472A00F7671B /* RequestVC.swift in Sources */,
				81BA814D1A49DA1800E65899 /* ViewController.swift in Sources */,
				2002BDF41CE2DF8B006C3F72 /* MaterialButton.swift in Sources */,
				2049B1A61CF4D50600950454 /* AfterVC.swift in Sources */,
				2050CC261CEF900A00606A4C /* Restaurant.swift in Sources */,
				2002BDDE1CE285E3006C3F72 /* SupportVC.swift in Sources */,
				201174831CED4AAA00E70BDF /* Constants.swift in Sources */,
				2002BDF31CE2DF8B006C3F72 /* MaterialView.swift in Sources */,
				2002BDD31CE28093006C3F72 /* BackTableVC.swift in Sources */,
				2050CC281CEF955D00606A4C /* FoundRestVC.swift in Sources */,
				2002BDF51CE2DF8B006C3F72 /* MaterialTextField.swift in Sources */,
				2002BDD11CE27E55006C3F72 /* HomeVC.swift in Sources */,
				2002BDDA1CE28564006C3F72 /* ShareVC.swift in Sources */,
				20FABDB21CF647D100190BC1 /* ProfileCell.swift in Sources */,
				81BA814B1A49DA1800E65899 /* AppDelegate.swift in Sources */,
				2002BDDC1CE285C7006C3F72 /* PrivacyVC.swift in Sources */,
				2002BDCF1CE27C82006C3F72 /* SWRevealViewController.m in Sources */,
			);
			runOnlyForDeploymentPostprocessing = 0;
		};
/* End PBXSourcesBuildPhase section */

/* Begin PBXVariantGroup section */
		814C3AC61B69877600E307BB /* Main.storyboard */ = {
			isa = PBXVariantGroup;
			children = (
				814C3AC71B69877600E307BB /* Base */,
			);
			name = Main.storyboard;
			path = ../Resources;
			sourceTree = "<group>";
		};
/* End PBXVariantGroup section */

/* Begin XCBuildConfiguration section */
		81BA81621A49DA1800E65899 /* Debug */ = {
			isa = XCBuildConfiguration;
			buildSettings = {
				ALWAYS_SEARCH_USER_PATHS = NO;
				CLANG_CXX_LANGUAGE_STANDARD = "gnu++0x";
				CLANG_CXX_LIBRARY = "libc++";
				CLANG_ENABLE_MODULES = YES;
				CLANG_ENABLE_OBJC_ARC = YES;
				CLANG_WARN_BOOL_CONVERSION = YES;
				CLANG_WARN_CONSTANT_CONVERSION = YES;
				CLANG_WARN_DIRECT_OBJC_ISA_USAGE = YES_ERROR;
				CLANG_WARN_EMPTY_BODY = YES;
				CLANG_WARN_ENUM_CONVERSION = YES;
				CLANG_WARN_INT_CONVERSION = YES;
				CLANG_WARN_OBJC_ROOT_CLASS = YES_ERROR;
				CLANG_WARN_UNREACHABLE_CODE = YES;
				CLANG_WARN__DUPLICATE_METHOD_MATCH = YES;
				"CODE_SIGN_IDENTITY[sdk=iphoneos*]" = "iPhone Developer";
				COPY_PHASE_STRIP = NO;
				ENABLE_STRICT_OBJC_MSGSEND = YES;
				ENABLE_TESTABILITY = YES;
				GCC_C_LANGUAGE_STANDARD = gnu99;
				GCC_DYNAMIC_NO_PIC = NO;
				GCC_OPTIMIZATION_LEVEL = 0;
				GCC_PREPROCESSOR_DEFINITIONS = (
					"DEBUG=1",
					"$(inherited)",
				);
				GCC_SYMBOLS_PRIVATE_EXTERN = NO;
				GCC_WARN_64_TO_32_BIT_CONVERSION = YES;
				GCC_WARN_ABOUT_RETURN_TYPE = YES_ERROR;
				GCC_WARN_UNDECLARED_SELECTOR = YES;
				GCC_WARN_UNINITIALIZED_AUTOS = YES_AGGRESSIVE;
				GCC_WARN_UNUSED_FUNCTION = YES;
				GCC_WARN_UNUSED_VARIABLE = YES;
				IPHONEOS_DEPLOYMENT_TARGET = 9.3;
				MTL_ENABLE_DEBUG_INFO = YES;
				ONLY_ACTIVE_ARCH = YES;
				SDKROOT = iphoneos;
				SWIFT_OPTIMIZATION_LEVEL = "-Onone";
				TARGETED_DEVICE_FAMILY = "1,2";
			};
			name = Debug;
		};
		81BA81631A49DA1800E65899 /* Release */ = {
			isa = XCBuildConfiguration;
			buildSettings = {
				ALWAYS_SEARCH_USER_PATHS = NO;
				CLANG_CXX_LANGUAGE_STANDARD = "gnu++0x";
				CLANG_CXX_LIBRARY = "libc++";
				CLANG_ENABLE_MODULES = YES;
				CLANG_ENABLE_OBJC_ARC = YES;
				CLANG_WARN_BOOL_CONVERSION = YES;
				CLANG_WARN_CONSTANT_CONVERSION = YES;
				CLANG_WARN_DIRECT_OBJC_ISA_USAGE = YES_ERROR;
				CLANG_WARN_EMPTY_BODY = YES;
				CLANG_WARN_ENUM_CONVERSION = YES;
				CLANG_WARN_INT_CONVERSION = YES;
				CLANG_WARN_OBJC_ROOT_CLASS = YES_ERROR;
				CLANG_WARN_UNREACHABLE_CODE = YES;
				CLANG_WARN__DUPLICATE_METHOD_MATCH = YES;
				"CODE_SIGN_IDENTITY[sdk=iphoneos*]" = "iPhone Developer";
				COPY_PHASE_STRIP = YES;
				ENABLE_NS_ASSERTIONS = NO;
				ENABLE_STRICT_OBJC_MSGSEND = YES;
				GCC_C_LANGUAGE_STANDARD = gnu99;
				GCC_WARN_64_TO_32_BIT_CONVERSION = YES;
				GCC_WARN_ABOUT_RETURN_TYPE = YES_ERROR;
				GCC_WARN_UNDECLARED_SELECTOR = YES;
				GCC_WARN_UNINITIALIZED_AUTOS = YES_AGGRESSIVE;
				GCC_WARN_UNUSED_FUNCTION = YES;
				GCC_WARN_UNUSED_VARIABLE = YES;
				IPHONEOS_DEPLOYMENT_TARGET = 9.3;
				MTL_ENABLE_DEBUG_INFO = NO;
				SDKROOT = iphoneos;
				TARGETED_DEVICE_FAMILY = "1,2";
				VALIDATE_PRODUCT = YES;
			};
			name = Release;
		};
		81BA81651A49DA1800E65899 /* Debug */ = {
			isa = XCBuildConfiguration;
			baseConfigurationReference = 6664999BB7FC7C0A30E842F4 /* Pods-GoEat.debug.xcconfig */;
			buildSettings = {
				ASSETCATALOG_COMPILER_APPICON_NAME = AppIcon;
				ASSETCATALOG_COMPILER_LAUNCHIMAGE_NAME = LaunchImage;
				CLANG_ENABLE_MODULES = YES;
				CODE_SIGN_ENTITLEMENTS = GoEat.entitlements;
				CODE_SIGN_IDENTITY = "iPhone Developer";
				"CODE_SIGN_IDENTITY[sdk=iphoneos*]" = "iPhone Developer";
				FRAMEWORK_SEARCH_PATHS = (
					"$(inherited)",
					"$(PROJECT_DIR)",
				);
				INFOPLIST_FILE = Resources/Info.plist;
				LD_RUNPATH_SEARCH_PATHS = "$(inherited) @executable_path/Frameworks";
				PRODUCT_BUNDLE_IDENTIFIER = com.GoEatiOSApp.GoEat;
				PRODUCT_NAME = GoEat;
				PROVISIONING_PROFILE = "";
				SWIFT_OBJC_BRIDGING_HEADER = "Resources/GoEat-Bridging-Header.h";
				SWIFT_OPTIMIZATION_LEVEL = "-Onone";
				TARGETED_DEVICE_FAMILY = 1;
			};
			name = Debug;
		};
		81BA81661A49DA1800E65899 /* Release */ = {
			isa = XCBuildConfiguration;
			baseConfigurationReference = DFD96D77EFB8D3A0E86D2EB1 /* Pods-GoEat.release.xcconfig */;
			buildSettings = {
				ASSETCATALOG_COMPILER_APPICON_NAME = AppIcon;
				ASSETCATALOG_COMPILER_LAUNCHIMAGE_NAME = LaunchImage;
				CLANG_ENABLE_MODULES = YES;
				CODE_SIGN_ENTITLEMENTS = GoEat.entitlements;
				CODE_SIGN_IDENTITY = "iPhone Developer";
				"CODE_SIGN_IDENTITY[sdk=iphoneos*]" = "iPhone Developer";
				FRAMEWORK_SEARCH_PATHS = (
					"$(inherited)",
					"$(PROJECT_DIR)",
				);
				INFOPLIST_FILE = Resources/Info.plist;
				LD_RUNPATH_SEARCH_PATHS = "$(inherited) @executable_path/Frameworks";
				PRODUCT_BUNDLE_IDENTIFIER = com.GoEatiOSApp.GoEat;
				PRODUCT_NAME = GoEat;
				PROVISIONING_PROFILE = "";
				SWIFT_OBJC_BRIDGING_HEADER = "Resources/GoEat-Bridging-Header.h";
				TARGETED_DEVICE_FAMILY = 1;
			};
			name = Release;
		};
/* End XCBuildConfiguration section */

/* Begin XCConfigurationList section */
		81BA81401A49DA1800E65899 /* Build configuration list for PBXProject "GoEat" */ = {
			isa = XCConfigurationList;
			buildConfigurations = (
				81BA81621A49DA1800E65899 /* Debug */,
				81BA81631A49DA1800E65899 /* Release */,
			);
			defaultConfigurationIsVisible = 0;
			defaultConfigurationName = Release;
		};
		81BA81641A49DA1800E65899 /* Build configuration list for PBXNativeTarget "GoEat" */ = {
			isa = XCConfigurationList;
			buildConfigurations = (
				81BA81651A49DA1800E65899 /* Debug */,
				81BA81661A49DA1800E65899 /* Release */,
			);
			defaultConfigurationIsVisible = 0;
			defaultConfigurationName = Release;
		};
/* End XCConfigurationList section */
	};
	rootObject = 81BA813D1A49DA1800E65899 /* Project object */;
}
